
Microsoft Visual Studio Solution File, Format Version 12.00
# Visual Studio Version 17
VisualStudioVersion = 17.11.35312.102
MinimumVisualStudioVersion = 10.0.40219.1
Project("{FAE04EC0-301F-11D3-BF4B-00C04F79EFBC}") = "ClinicApp", "ClinicApp\ClinicApp.csproj", "{644B8CD9-0871-4389-B519-AA947932B4D5}"
EndProject
Global
	GlobalSection(SolutionConfigurationPlatforms) = preSolution
		Debug|Any CPU = Debug|Any CPU
		Release|Any CPU = Release|Any CPU
	EndGlobalSection
	GlobalSection(ProjectConfigurationPlatforms) = postSolution
		{644B8CD9-0871-4389-B519-AA947932B4D5}.Debug|Any CPU.ActiveCfg = Debug|Any CPU
		{644B8CD9-0871-4389-B519-AA947932B4D5}.Debug|Any CPU.Build.0 = Debug|Any CPU
		{644B8CD9-0871-4389-B519-AA947932B4D5}.Release|Any CPU.ActiveCfg = Release|Any CPU
		{644B8CD9-0871-4389-B519-AA947932B4D5}.Release|Any CPU.Build.0 = Release|Any CPU
	EndGlobalSection
	GlobalSection(SolutionProperties) = preSolution
		HideSolutionNode = FALSE
	EndGlobalSection
	GlobalSection(ExtensibilityGlobals) = postSolution
		SolutionGuid = {7334BF8D-CEDD-49B7-AAA4-D1D90C8846B5}
	EndGlobalSection
EndGlobal
